// !$*UTF8*$!
{
	archiveVersion = 1;
	classes = {
	};
	objectVersion = 46;
	objects = {

/* Begin PBXBuildFile section */
		1F2ED9211CA8C3F200840213 /* main.m in Sources */ = {isa = PBXBuildFile; fileRef = 1F2ED9201CA8C3F200840213 /* main.m */; };
		1F2ED9241CA8C3F200840213 /* AppDelegate.m in Sources */ = {isa = PBXBuildFile; fileRef = 1F2ED9231CA8C3F200840213 /* AppDelegate.m */; };
		1F2ED9271CA8C3F200840213 /* ViewController.m in Sources */ = {isa = PBXBuildFile; fileRef = 1F2ED9261CA8C3F200840213 /* ViewController.m */; };
		1F2ED92A1CA8C3F200840213 /* Main.storyboard in Resources */ = {isa = PBXBuildFile; fileRef = 1F2ED9281CA8C3F200840213 /* Main.storyboard */; };
		1F2ED92C1CA8C3F200840213 /* Assets.xcassets in Resources */ = {isa = PBXBuildFile; fileRef = 1F2ED92B1CA8C3F200840213 /* Assets.xcassets */; };
		1F2ED92F1CA8C3F200840213 /* LaunchScreen.storyboard in Resources */ = {isa = PBXBuildFile; fileRef = 1F2ED92D1CA8C3F200840213 /* LaunchScreen.storyboard */; };
		1F2ED93A1CA8C3F200840213 /* QRCodeTests.m in Sources */ = {isa = PBXBuildFile; fileRef = 1F2ED9391CA8C3F200840213 /* QRCodeTests.m */; };
		1F2ED9451CA8C3F200840213 /* QRCodeUITests.m in Sources */ = {isa = PBXBuildFile; fileRef = 1F2ED9441CA8C3F200840213 /* QRCodeUITests.m */; };
		1FF876451CA8DC86002A4478 /* UIImage+Extension.m in Sources */ = {isa = PBXBuildFile; fileRef = 1FF876441CA8DC86002A4478 /* UIImage+Extension.m */; };
		1FF876481CA8EC30002A4478 /* TCTQRCodeViewController.m in Sources */ = {isa = PBXBuildFile; fileRef = 1FF876471CA8EC30002A4478 /* TCTQRCodeViewController.m */; };
		1FF8764C1CA8F489002A4478 /* icon.png in Resources */ = {isa = PBXBuildFile; fileRef = 1FF8764B1CA8F489002A4478 /* icon.png */; };
/* End PBXBuildFile section */

/* Begin PBXContainerItemProxy section */
		1F2ED9361CA8C3F200840213 /* PBXContainerItemProxy */ = {
			isa = PBXContainerItemProxy;
			containerPortal = 1F2ED9141CA8C3F200840213 /* Project object */;
			proxyType = 1;
			remoteGlobalIDString = 1F2ED91B1CA8C3F200840213;
			remoteInfo = QRCode;
		};
		1F2ED9411CA8C3F200840213 /* PBXContainerItemProxy */ = {
			isa = PBXContainerItemProxy;
			containerPortal = 1F2ED9141CA8C3F200840213 /* Project object */;
			proxyType = 1;
			remoteGlobalIDString = 1F2ED91B1CA8C3F200840213;
			remoteInfo = QRCode;
		};
/* End PBXContainerItemProxy section */

/* Begin PBXFileReference section */
		1F2ED91C1CA8C3F200840213 /* QRCode.app */ = {isa = PBXFileReference; explicitFileType = wrapper.application; includeInIndex = 0; path = QRCode.app; sourceTree = BUILT_PRODUCTS_DIR; };
		1F2ED9201CA8C3F200840213 /* main.m */ = {isa = PBXFileReference; lastKnownFileType = sourcecode.c.objc; path = main.m; sourceTree = "<group>"; };
		1F2ED9221CA8C3F200840213 /* AppDelegate.h */ = {isa = PBXFileReference; lastKnownFileType = sourcecode.c.h; path = AppDelegate.h; sourceTree = "<group>"; };
		1F2ED9231CA8C3F200840213 /* AppDelegate.m */ = {isa = PBXFileReference; lastKnownFileType = sourcecode.c.objc; path = AppDelegate.m; sourceTree = "<group>"; };
		1F2ED9251CA8C3F200840213 /* ViewController.h */ = {isa = PBXFileReference; lastKnownFileType = sourcecode.c.h; path = ViewController.h; sourceTree = "<group>"; };
		1F2ED9261CA8C3F200840213 /* ViewController.m */ = {isa = PBXFileReference; lastKnownFileType = sourcecode.c.objc; path = ViewController.m; sourceTree = "<group>"; };
		1F2ED9291CA8C3F200840213 /* Base */ = {isa = PBXFileReference; lastKnownFileType = file.storyboard; name = Base; path = Base.lproj/Main.storyboard; sourceTree = "<group>"; };
		1F2ED92B1CA8C3F200840213 /* Assets.xcassets */ = {isa = PBXFileReference; lastKnownFileType = folder.assetcatalog; path = Assets.xcassets; sourceTree = "<group>"; };
		1F2ED92E1CA8C3F200840213 /* Base */ = {isa = PBXFileReference; lastKnownFileType = file.storyboard; name = Base; path = Base.lproj/LaunchScreen.storyboard; sourceTree = "<group>"; };
		1F2ED9301CA8C3F200840213 /* Info.plist */ = {isa = PBXFileReference; lastKnownFileType = text.plist.xml; path = Info.plist; sourceTree = "<group>"; };
		1F2ED9351CA8C3F200840213 /* QRCodeTests.xctest */ = {isa = PBXFileReference; explicitFileType = wrapper.cfbundle; includeInIndex = 0; path = QRCodeTests.xctest; sourceTree = BUILT_PRODUCTS_DIR; };
		1F2ED9391CA8C3F200840213 /* QRCodeTests.m */ = {isa = PBXFileReference; lastKnownFileType = sourcecode.c.objc; path = QRCodeTests.m; sourceTree = "<group>"; };
		1F2ED93B1CA8C3F200840213 /* Info.plist */ = {isa = PBXFileReference; lastKnownFileType = text.plist.xml; path = Info.plist; sourceTree = "<group>"; };
		1F2ED9401CA8C3F200840213 /* QRCodeUITests.xctest */ = {isa = PBXFileReference; explicitFileType = wrapper.cfbundle; includeInIndex = 0; path = QRCodeUITests.xctest; sourceTree = BUILT_PRODUCTS_DIR; };
		1F2ED9441CA8C3F200840213 /* QRCodeUITests.m */ = {isa = PBXFileReference; lastKnownFileType = sourcecode.c.objc; path = QRCodeUITests.m; sourceTree = "<group>"; };
		1F2ED9461CA8C3F200840213 /* Info.plist */ = {isa = PBXFileReference; lastKnownFileType = text.plist.xml; path = Info.plist; sourceTree = "<group>"; };
		1FF876431CA8DC86002A4478 /* UIImage+Extension.h */ = {isa = PBXFileReference; fileEncoding = 4; lastKnownFileType = sourcecode.c.h; path = "UIImage+Extension.h"; sourceTree = "<group>"; };
		1FF876441CA8DC86002A4478 /* UIImage+Extension.m */ = {isa = PBXFileReference; fileEncoding = 4; lastKnownFileType = sourcecode.c.objc; path = "UIImage+Extension.m"; sourceTree = "<group>"; };
		1FF876461CA8EC30002A4478 /* TCTQRCodeViewController.h */ = {isa = PBXFileReference; fileEncoding = 4; lastKnownFileType = sourcecode.c.h; path = TCTQRCodeViewController.h; sourceTree = "<group>"; };
		1FF876471CA8EC30002A4478 /* TCTQRCodeViewController.m */ = {isa = PBXFileReference; fileEncoding = 4; lastKnownFileType = sourcecode.c.objc; path = TCTQRCodeViewController.m; sourceTree = "<group>"; };
		1FF8764B1CA8F489002A4478 /* icon.png */ = {isa = PBXFileReference; lastKnownFileType = image.png; path = icon.png; sourceTree = "<group>"; };
/* End PBXFileReference section */

/* Begin PBXFrameworksBuildPhase section */
		1F2ED9191CA8C3F200840213 /* Frameworks */ = {
			isa = PBXFrameworksBuildPhase;
			buildActionMask = 2147483647;
			files = (
			);
			runOnlyForDeploymentPostprocessing = 0;
		};
		1F2ED9321CA8C3F200840213 /* Frameworks */ = {
			isa = PBXFrameworksBuildPhase;
			buildActionMask = 2147483647;
			files = (
			);
			runOnlyForDeploymentPostprocessing = 0;
		};
		1F2ED93D1CA8C3F200840213 /* Frameworks */ = {
			isa = PBXFrameworksBuildPhase;
			buildActionMask = 2147483647;
			files = (
			);
			runOnlyForDeploymentPostprocessing = 0;
		};
/* End PBXFrameworksBuildPhase section */

/* Begin PBXGroup section */
		1F2ED9131CA8C3F200840213 = {
			isa = PBXGroup;
			children = (
				1F2ED91E1CA8C3F200840213 /* QRCode */,
				1F2ED9381CA8C3F200840213 /* QRCodeTests */,
				1F2ED9431CA8C3F200840213 /* QRCodeUITests */,
				1F2ED91D1CA8C3F200840213 /* Products */,
			);
			sourceTree = "<group>";
		};
		1F2ED91D1CA8C3F200840213 /* Products */ = {
			isa = PBXGroup;
			children = (
				1F2ED91C1CA8C3F200840213 /* QRCode.app */,
				1F2ED9351CA8C3F200840213 /* QRCodeTests.xctest */,
				1F2ED9401CA8C3F200840213 /* QRCodeUITests.xctest */,
			);
			name = Products;
			sourceTree = "<group>";
		};
		1F2ED91E1CA8C3F200840213 /* QRCode */ = {
			isa = PBXGroup;
			children = (
				1F2ED9221CA8C3F200840213 /* AppDelegate.h */,
				1F2ED9231CA8C3F200840213 /* AppDelegate.m */,
				1F2ED9251CA8C3F200840213 /* ViewController.h */,
				1F2ED9261CA8C3F200840213 /* ViewController.m */,
				1F2ED9281CA8C3F200840213 /* Main.storyboard */,
				1F2ED92B1CA8C3F200840213 /* Assets.xcassets */,
				1F2ED92D1CA8C3F200840213 /* LaunchScreen.storyboard */,
				1F2ED9301CA8C3F200840213 /* Info.plist */,
				1F2ED91F1CA8C3F200840213 /* Supporting Files */,
				1FF876431CA8DC86002A4478 /* UIImage+Extension.h */,
				1FF876441CA8DC86002A4478 /* UIImage+Extension.m */,
				1FF876461CA8EC30002A4478 /* TCTQRCodeViewController.h */,
				1FF876471CA8EC30002A4478 /* TCTQRCodeViewController.m */,
			);
			path = QRCode;
			sourceTree = "<group>";
		};
		1F2ED91F1CA8C3F200840213 /* Supporting Files */ = {
			isa = PBXGroup;
			children = (
				1FF8764B1CA8F489002A4478 /* icon.png */,
				1F2ED9201CA8C3F200840213 /* main.m */,
			);
			name = "Supporting Files";
			sourceTree = "<group>";
		};
		1F2ED9381CA8C3F200840213 /* QRCodeTests */ = {
			isa = PBXGroup;
			children = (
				1F2ED9391CA8C3F200840213 /* QRCodeTests.m */,
				1F2ED93B1CA8C3F200840213 /* Info.plist */,
			);
			path = QRCodeTests;
			sourceTree = "<group>";
		};
		1F2ED9431CA8C3F200840213 /* QRCodeUITests */ = {
			isa = PBXGroup;
			children = (
				1F2ED9441CA8C3F200840213 /* QRCodeUITests.m */,
				1F2ED9461CA8C3F200840213 /* Info.plist */,
			);
			path = QRCodeUITests;
			sourceTree = "<group>";
		};
/* End PBXGroup section */

/* Begin PBXNativeTarget section */
		1F2ED91B1CA8C3F200840213 /* QRCode */ = {
			isa = PBXNativeTarget;
			buildConfigurationList = 1F2ED9491CA8C3F200840213 /* Build configuration list for PBXNativeTarget "QRCode" */;
			buildPhases = (
				1F2ED9181CA8C3F200840213 /* Sources */,
				1F2ED9191CA8C3F200840213 /* Frameworks */,
				1F2ED91A1CA8C3F200840213 /* Resources */,
			);
			buildRules = (
			);
			dependencies = (
			);
			name = QRCode;
			productName = QRCode;
			productReference = 1F2ED91C1CA8C3F200840213 /* QRCode.app */;
			productType = "com.apple.product-type.application";
		};
		1F2ED9341CA8C3F200840213 /* QRCodeTests */ = {
			isa = PBXNativeTarget;
			buildConfigurationList = 1F2ED94C1CA8C3F200840213 /* Build configuration list for PBXNativeTarget "QRCodeTests" */;
			buildPhases = (
				1F2ED9311CA8C3F200840213 /* Sources */,
				1F2ED9321CA8C3F200840213 /* Frameworks */,
				1F2ED9331CA8C3F200840213 /* Resources */,
			);
			buildRules = (
			);
			dependencies = (
				1F2ED9371CA8C3F200840213 /* PBXTargetDependency */,
			);
			name = QRCodeTests;
			productName = QRCodeTests;
			productReference = 1F2ED9351CA8C3F200840213 /* QRCodeTests.xctest */;
			productType = "com.apple.product-type.bundle.unit-test";
		};
		1F2ED93F1CA8C3F200840213 /* QRCodeUITests */ = {
			isa = PBXNativeTarget;
			buildConfigurationList = 1F2ED94F1CA8C3F200840213 /* Build configuration list for PBXNativeTarget "QRCodeUITests" */;
			buildPhases = (
				1F2ED93C1CA8C3F200840213 /* Sources */,
				1F2ED93D1CA8C3F200840213 /* Frameworks */,
				1F2ED93E1CA8C3F200840213 /* Resources */,
			);
			buildRules = (
			);
			dependencies = (
				1F2ED9421CA8C3F200840213 /* PBXTargetDependency */,
			);
			name = QRCodeUITests;
			productName = QRCodeUITests;
			productReference = 1F2ED9401CA8C3F200840213 /* QRCodeUITests.xctest */;
			productType = "com.apple.product-type.bundle.ui-testing";
		};
/* End PBXNativeTarget section */

/* Begin PBXProject section */
		1F2ED9141CA8C3F200840213 /* Project object */ = {
			isa = PBXProject;
			attributes = {
				LastUpgradeCheck = 0730;
				ORGANIZATIONNAME = TCT;
				TargetAttributes = {
					1F2ED91B1CA8C3F200840213 = {
						CreatedOnToolsVersion = 7.3;
					};
					1F2ED9341CA8C3F200840213 = {
						CreatedOnToolsVersion = 7.3;
						TestTargetID = 1F2ED91B1CA8C3F200840213;
					};
					1F2ED93F1CA8C3F200840213 = {
						CreatedOnToolsVersion = 7.3;
						TestTargetID = 1F2ED91B1CA8C3F200840213;
					};
				};
			};
			buildConfigurationList = 1F2ED9171CA8C3F200840213 /* Build configuration list for PBXProject "QRCode" */;
			compatibilityVersion = "Xcode 3.2";
			developmentRegion = English;
			hasScannedForEncodings = 0;
			knownRegions = (
				en,
				Base,
			);
			mainGroup = 1F2ED9131CA8C3F200840213;
			productRefGroup = 1F2ED91D1CA8C3F200840213 /* Products */;
			projectDirPath = "";
			projectRoot = "";
			targets = (
				1F2ED91B1CA8C3F200840213 /* QRCode */,
				1F2ED9341CA8C3F200840213 /* QRCodeTests */,
				1F2ED93F1CA8C3F200840213 /* QRCodeUITests */,
			);
		};
/* End PBXProject section */

/* Begin PBXResourcesBuildPhase section */
		1F2ED91A1CA8C3F200840213 /* Resources */ = {
			isa = PBXResourcesBuildPhase;
			buildActionMask = 2147483647;
			files = (
				1FF8764C1CA8F489002A4478 /* icon.png in Resources */,
				1F2ED92F1CA8C3F200840213 /* LaunchScreen.storyboard in Resources */,
				1F2ED92C1CA8C3F200840213 /* Assets.xcassets in Resources */,
				1F2ED92A1CA8C3F200840213 /* Main.storyboard in Resources */,
			);
			runOnlyForDeploymentPostprocessing = 0;
		};
		1F2ED9331CA8C3F200840213 /* Resources */ = {
			isa = PBXResourcesBuildPhase;
			buildActionMask = 2147483647;
			files = (
			);
			runOnlyForDeploymentPostprocessing = 0;
		};
		1F2ED93E1CA8C3F200840213 /* Resources */ = {
			isa = PBXResourcesBuildPhase;
			buildActionMask = 2147483647;
			files = (
			);
			runOnlyForDeploymentPostprocessing = 0;
		};
/* End PBXResourcesBuildPhase section */

/* Begin PBXSourcesBuildPhase section */
		1F2ED9181CA8C3F200840213 /* Sources */ = {
			isa = PBXSourcesBuildPhase;
			buildActionMask = 2147483647;
			files = (
				1F2ED9271CA8C3F200840213 /* ViewController.m in Sources */,
				1F2ED9241CA8C3F200840213 /* AppDelegate.m in Sources */,
				1F2ED9211CA8C3F200840213 /* main.m in Sources */,
				1FF876451CA8DC86002A4478 /* UIImage+Extension.m in Sources */,
				1FF876481CA8EC30002A4478 /* TCTQRCodeViewController.m in Sources */,
			);
			runOnlyForDeploymentPostprocessing = 0;
		};
		1F2ED9311CA8C3F200840213 /* Sources */ = {
			isa = PBXSourcesBuildPhase;
			buildActionMask = 2147483647;
			files = (
				1F2ED93A1CA8C3F200840213 /* QRCodeTests.m in Sources */,
			);
			runOnlyForDeploymentPostprocessing = 0;
		};
		1F2ED93C1CA8C3F200840213 /* Sources */ = {
			isa = PBXSourcesBuildPhase;
			buildActionMask = 2147483647;
			files = (
				1F2ED9451CA8C3F200840213 /* QRCodeUITests.m in Sources */,
			);
			runOnlyForDeploymentPostprocessing = 0;
		};
/* End PBXSourcesBuildPhase section */

/* Begin PBXTargetDependency section */
		1F2ED9371CA8C3F200840213 /* PBXTargetDependency */ = {
			isa = PBXTargetDependency;
			target = 1F2ED91B1CA8C3F200840213 /* QRCode */;
			targetProxy = 1F2ED9361CA8C3F200840213 /* PBXContainerItemProxy */;
		};
		1F2ED9421CA8C3F200840213 /* PBXTargetDependency */ = {
			isa = PBXTargetDependency;
			target = 1F2ED91B1CA8C3F200840213 /* QRCode */;
			targetProxy = 1F2ED9411CA8C3F200840213 /* PBXContainerItemProxy */;
		};
/* End PBXTargetDependency section */

/* Begin PBXVariantGroup section */
		1F2ED9281CA8C3F200840213 /* Main.storyboard */ = {
			isa = PBXVariantGroup;
			children = (
				1F2ED9291CA8C3F200840213 /* Base */,
			);
			name = Main.storyboard;
			sourceTree = "<group>";
		};
		1F2ED92D1CA8C3F200840213 /* LaunchScreen.storyboard */ = {
			isa = PBXVariantGroup;
			children = (
				1F2ED92E1CA8C3F200840213 /* Base */,
			);
			name = LaunchScreen.storyboard;
			sourceTree = "<group>";
		};
/* End PBXVariantGroup section */

/* Begin XCBuildConfiguration section */
		1F2ED9471CA8C3F200840213 /* Debug */ = {
			isa = XCBuildConfiguration;
			buildSettings = {
				ALWAYS_SEARCH_USER_PATHS = NO;
				CLANG_ANALYZER_NONNULL = YES;
				CLANG_CXX_LANGUAGE_STANDARD = "gnu++0x";
				CLANG_CXX_LIBRARY = "libc++";
				CLANG_ENABLE_MODULES = YES;
				CLANG_ENABLE_OBJC_ARC = YES;
				CLANG_WARN_BOOL_CONVERSION = YES;
				CLANG_WARN_CONSTANT_CONVERSION = YES;
				CLANG_WARN_DIRECT_OBJC_ISA_USAGE = YES_ERROR;
				CLANG_WARN_EMPTY_BODY = YES;
				CLANG_WARN_ENUM_CONVERSION = YES;
				CLANG_WARN_INT_CONVERSION = YES;
				CLANG_WARN_OBJC_ROOT_CLASS = YES_ERROR;
				CLANG_WARN_UNREACHABLE_CODE = YES;
				CLANG_WARN__DUPLICATE_METHOD_MATCH = YES;
				"CODE_SIGN_IDENTITY[sdk=iphoneos*]" = "iPhone Developer";
				COPY_PHASE_STRIP = NO;
				DEBUG_INFORMATION_FORMAT = dwarf;
				ENABLE_STRICT_OBJC_MSGSEND = YES;
				ENABLE_TESTABILITY = YES;
				GCC_C_LANGUAGE_STANDARD = gnu99;
				GCC_DYNAMIC_NO_PIC = NO;
				GCC_NO_COMMON_BLOCKS = YES;
				GCC_OPTIMIZATION_LEVEL = 0;
				GCC_PREPROCESSOR_DEFINITIONS = (
					"DEBUG=1",
					"$(inherited)",
				);
				GCC_WARN_64_TO_32_BIT_CONVERSION = YES;
				GCC_WARN_ABOUT_RETURN_TYPE = YES_ERROR;
				GCC_WARN_UNDECLARED_SELECTOR = YES;
				GCC_WARN_UNINITIALIZED_AUTOS = YES_AGGRESSIVE;
				GCC_WARN_UNUSED_FUNCTION = YES;
				GCC_WARN_UNUSED_VARIABLE = YES;
				IPHONEOS_DEPLOYMENT_TARGET = 9.3;
				MTL_ENABLE_DEBUG_INFO = YES;
				ONLY_ACTIVE_ARCH = YES;
				SDKROOT = iphoneos;
				TARGETED_DEVICE_FAMILY = "1,2";
			};
			name = Debug;
		};
		1F2ED9481CA8C3F200840213 /* Release */ = {
			isa = XCBuildConfiguration;
			buildSettings = {
				ALWAYS_SEARCH_USER_PATHS = NO;
				CLANG_ANALYZER_NONNULL = YES;
				CLANG_CXX_LANGUAGE_STANDARD = "gnu++0x";
				CLANG_CXX_LIBRARY = "libc++";
				CLANG_ENABLE_MODULES = YES;
				CLANG_ENABLE_OBJC_ARC = YES;
				CLANG_WARN_BOOL_CONVERSION = YES;
				CLANG_WARN_CONSTANT_CONVERSION = YES;
				CLANG_WARN_DIRECT_OBJC_ISA_USAGE = YES_ERROR;
				CLANG_WARN_EMPTY_BODY = YES;
				CLANG_WARN_ENUM_CONVERSION = YES;
				CLANG_WARN_INT_CONVERSION = YES;
				CLANG_WARN_OBJC_ROOT_CLASS = YES_ERROR;
				CLANG_WARN_UNREACHABLE_CODE = YES;
				CLANG_WARN__DUPLICATE_METHOD_MATCH = YES;
				"CODE_SIGN_IDENTITY[sdk=iphoneos*]" = "iPhone Developer";
				COPY_PHASE_STRIP = NO;
				DEBUG_INFORMATION_FORMAT = "dwarf-with-dsym";
				ENABLE_NS_ASSERTIONS = NO;
				ENABLE_STRICT_OBJC_MSGSEND = YES;
				GCC_C_LANGUAGE_STANDARD = gnu99;
				GCC_NO_COMMON_BLOCKS = YES;
				GCC_WARN_64_TO_32_BIT_CONVERSION = YES;
				GCC_WARN_ABOUT_RETURN_TYPE = YES_ERROR;
				GCC_WARN_UNDECLARED_SELECTOR = YES;
				GCC_WARN_UNINITIALIZED_AUTOS = YES_AGGRESSIVE;
				GCC_WARN_UNUSED_FUNCTION = YES;
				GCC_WARN_UNUSED_VARIABLE = YES;
				IPHONEOS_DEPLOYMENT_TARGET = 9.3;
				MTL_ENABLE_DEBUG_INFO = NO;
				SDKROOT = iphoneos;
				TARGETED_DEVICE_FAMILY = "1,2";
				VALIDATE_PRODUCT = YES;
			};
			name = Release;
		};
		1F2ED94A1CA8C3F200840213 /* Debug */ = {
			isa = XCBuildConfiguration;
			buildSettings = {
				ASSETCATALOG_COMPILER_APPICON_NAME = AppIcon;
				INFOPLIST_FILE = QRCode/Info.plist;
				IPHONEOS_DEPLOYMENT_TARGET = 7.0;
				LD_RUNPATH_SEARCH_PATHS = "$(inherited) @executable_path/Frameworks";
				PRODUCT_BUNDLE_IDENTIFIER = com.tct.QRCode;
				PRODUCT_NAME = "$(TARGET_NAME)";
			};
			name = Debug;
		};
		1F2ED94B1CA8C3F200840213 /* Release */ = {
			isa = XCBuildConfiguration;
			buildSettings = {
				ASSETCATALOG_COMPILER_APPICON_NAME = AppIcon;
				INFOPLIST_FILE = QRCode/Info.plist;
				IPHONEOS_DEPLOYMENT_TARGET = 7.0;
				LD_RUNPATH_SEARCH_PATHS = "$(inherited) @executable_path/Frameworks";
				PRODUCT_BUNDLE_IDENTIFIER = com.tct.QRCode;
				PRODUCT_NAME = "$(TARGET_NAME)";
			};
			name = Release;
		};
		1F2ED94D1CA8C3F200840213 /* Debug */ = {
			isa = XCBuildConfiguration;
			buildSettings = {
				BUNDLE_LOADER = "$(TEST_HOST)";
				INFOPLIST_FILE = QRCodeTests/Info.plist;
				LD_RUNPATH_SEARCH_PATHS = "$(inherited) @executable_path/Frameworks @loader_path/Frameworks";
				PRODUCT_BUNDLE_IDENTIFIER = com.tct.QRCodeTests;
				PRODUCT_NAME = "$(TARGET_NAME)";
				TEST_HOST = "$(BUILT_PRODUCTS_DIR)/QRCode.app/QRCode";
			};
			name = Debug;
		};
		1F2ED94E1CA8C3F200840213 /* Release */ = {
			isa = XCBuildConfiguration;
			buildSettings = {
				BUNDLE_LOADER = "$(TEST_HOST)";
				INFOPLIST_FILE = QRCodeTests/Info.plist;
				LD_RUNPATH_SEARCH_PATHS = "$(inherited) @executable_path/Frameworks @loader_path/Frameworks";
				PRODUCT_BUNDLE_IDENTIFIER = com.tct.QRCodeTests;
				PRODUCT_NAME = "$(TARGET_NAME)";
				TEST_HOST = "$(BUILT_PRODUCTS_DIR)/QRCode.app/QRCode";
			};
			name = Release;
		};
		1F2ED9501CA8C3F200840213 /* Debug */ = {
			isa = XCBuildConfiguration;
			buildSettings = {
				INFOPLIST_FILE = QRCodeUITests/Info.plist;
				LD_RUNPATH_SEARCH_PATHS = "$(inherited) @executable_path/Frameworks @loader_path/Frameworks";
				PRODUCT_BUNDLE_IDENTIFIER = com.tct.QRCodeUITests;
				PRODUCT_NAME = "$(TARGET_NAME)";
				TEST_TARGET_NAME = QRCode;
			};
			name = Debug;
		};
		1F2ED9511CA8C3F200840213 /* Release */ = {
			isa = XCBuildConfiguration;
			buildSettings = {
				INFOPLIST_FILE = QRCodeUITests/Info.plist;
				LD_RUNPATH_SEARCH_PATHS = "$(inherited) @executable_path/Frameworks @loader_path/Frameworks";
				PRODUCT_BUNDLE_IDENTIFIER = com.tct.QRCodeUITests;
				PRODUCT_NAME = "$(TARGET_NAME)";
				TEST_TARGET_NAME = QRCode;
			};
			name = Release;
		};
/* End XCBuildConfiguration section */

/* Begin XCConfigurationList section */
		1F2ED9171CA8C3F200840213 /* Build configuration list for PBXProject "QRCode" */ = {
			isa = XCConfigurationList;
			buildConfigurations = (
				1F2ED9471CA8C3F200840213 /* Debug */,
				1F2ED9481CA8C3F200840213 /* Release */,
			);
			defaultConfigurationIsVisible = 0;
			defaultConfigurationName = Release;
		};
		1F2ED9491CA8C3F200840213 /* Build configuration list for PBXNativeTarget "QRCode" */ = {
			isa = XCConfigurationList;
			buildConfigurations = (
				1F2ED94A1CA8C3F200840213 /* Debug */,
				1F2ED94B1CA8C3F200840213 /* Release */,
			);
			defaultConfigurationIsVisible = 0;
			defaultConfigurationName = Release;
		};
		1F2ED94C1CA8C3F200840213 /* Build configuration list for PBXNativeTarget "QRCodeTests" */ = {
			isa = XCConfigurationList;
			buildConfigurations = (
				1F2ED94D1CA8C3F200840213 /* Debug */,
				1F2ED94E1CA8C3F200840213 /* Release */,
			);
			defaultConfigurationIsVisible = 0;
			defaultConfigurationName = Release;
		};
		1F2ED94F1CA8C3F200840213 /* Build configuration list for PBXNativeTarget "QRCodeUITests" */ = {
			isa = XCConfigurationList;
			buildConfigurations = (
				1F2ED9501CA8C3F200840213 /* Debug */,
				1F2ED9511CA8C3F200840213 /* Release */,
			);
			defaultConfigurationIsVisible = 0;
			defaultConfigurationName = Release;
		};
/* End XCConfigurationList section */
	};
	rootObject = 1F2ED9141CA8C3F200840213 /* Project object */;
}
